
Microsoft Visual Studio Solution File, Format Version 12.00
# Visual Studio Version 17
VisualStudioVersion = 17.2.32630.192
MinimumVisualStudioVersion = 10.0.40219.1
Project("{8BC9CEB8-8B4A-11D0-8D11-00A0C91BC942}") = "RunningAverage", "RunningAverage\RunningAverage.vcxproj", "{C17F7E40-A62A-4513-9334-2D3E4D0D920D}"
EndProject
Global
	GlobalSection(SolutionConfigurationPlatforms) = preSolution
		Debug|x64 = Debug|x64
		Debug|x86 = Debug|x86
		Release|x64 = Release|x64
		Release|x86 = Release|x86
	EndGlobalSection
	GlobalSection(ProjectConfigurationPlatforms) = postSolution
		{C17F7E40-A62A-4513-9334-2D3E4D0D920D}.Debug|x64.ActiveCfg = Debug|x64
		{C17F7E40-A62A-4513-9334-2D3E4D0D920D}.Debug|x64.Build.0 = Debug|x64
		{C17F7E40-A62A-4513-9334-2D3E4D0D920D}.Debug|x86.ActiveCfg = Debug|Win32
		{C17F7E40-A62A-4513-9334-2D3E4D0D920D}.Debug|x86.Build.0 = Debug|Win32
		{C17F7E40-A62A-4513-9334-2D3E4D0D920D}.Release|x64.ActiveCfg = Release|x64
		{C17F7E40-A62A-4513-9334-2D3E4D0D920D}.Release|x64.Build.0 = Release|x64
		{C17F7E40-A62A-4513-9334-2D3E4D0D920D}.Release|x86.ActiveCfg = Release|Win32
		{C17F7E40-A62A-4513-9334-2D3E4D0D920D}.Release|x86.Build.0 = Release|Win32
	EndGlobalSection
	GlobalSection(SolutionProperties) = preSolution
		HideSolutionNode = FALSE
	EndGlobalSection
	GlobalSection(ExtensibilityGlobals) = postSolution
		SolutionGuid = {76284F8A-24D8-43A3-B903-C7B3E8A3A98C}
	EndGlobalSection
EndGlobal
