
Microsoft Visual Studio Solution File, Format Version 12.00
# Visual Studio Version 17
VisualStudioVersion = 17.2.32630.192
MinimumVisualStudioVersion = 10.0.40219.1
Project("{8BC9CEB8-8B4A-11D0-8D11-00A0C91BC942}") = "RemoveLinkedListElement", "RemoveLinkedListElement\RemoveLinkedListElement.vcxproj", "{3E8C93CD-0902-40A5-9C9C-F38301786C45}"
EndProject
Global
	GlobalSection(SolutionConfigurationPlatforms) = preSolution
		Debug|x64 = Debug|x64
		Debug|x86 = Debug|x86
		Release|x64 = Release|x64
		Release|x86 = Release|x86
	EndGlobalSection
	GlobalSection(ProjectConfigurationPlatforms) = postSolution
		{3E8C93CD-0902-40A5-9C9C-F38301786C45}.Debug|x64.ActiveCfg = Debug|x64
		{3E8C93CD-0902-40A5-9C9C-F38301786C45}.Debug|x64.Build.0 = Debug|x64
		{3E8C93CD-0902-40A5-9C9C-F38301786C45}.Debug|x86.ActiveCfg = Debug|Win32
		{3E8C93CD-0902-40A5-9C9C-F38301786C45}.Debug|x86.Build.0 = Debug|Win32
		{3E8C93CD-0902-40A5-9C9C-F38301786C45}.Release|x64.ActiveCfg = Release|x64
		{3E8C93CD-0902-40A5-9C9C-F38301786C45}.Release|x64.Build.0 = Release|x64
		{3E8C93CD-0902-40A5-9C9C-F38301786C45}.Release|x86.ActiveCfg = Release|Win32
		{3E8C93CD-0902-40A5-9C9C-F38301786C45}.Release|x86.Build.0 = Release|Win32
	EndGlobalSection
	GlobalSection(SolutionProperties) = preSolution
		HideSolutionNode = FALSE
	EndGlobalSection
	GlobalSection(ExtensibilityGlobals) = postSolution
		SolutionGuid = {3953F6D0-C355-4880-85C8-E4C27ADC5026}
	EndGlobalSection
EndGlobal
