
Microsoft Visual Studio Solution File, Format Version 12.00
# Visual Studio Version 17
VisualStudioVersion = 17.2.32630.192
MinimumVisualStudioVersion = 10.0.40219.1
Project("{8BC9CEB8-8B4A-11D0-8D11-00A0C91BC942}") = "ValidSudoku", "ValidSudoku\ValidSudoku.vcxproj", "{07FC99F5-3936-4B09-9EF6-BDB4F8954BAB}"
EndProject
Global
	GlobalSection(SolutionConfigurationPlatforms) = preSolution
		Debug|x64 = Debug|x64
		Debug|x86 = Debug|x86
		Release|x64 = Release|x64
		Release|x86 = Release|x86
	EndGlobalSection
	GlobalSection(ProjectConfigurationPlatforms) = postSolution
		{07FC99F5-3936-4B09-9EF6-BDB4F8954BAB}.Debug|x64.ActiveCfg = Debug|x64
		{07FC99F5-3936-4B09-9EF6-BDB4F8954BAB}.Debug|x64.Build.0 = Debug|x64
		{07FC99F5-3936-4B09-9EF6-BDB4F8954BAB}.Debug|x86.ActiveCfg = Debug|Win32
		{07FC99F5-3936-4B09-9EF6-BDB4F8954BAB}.Debug|x86.Build.0 = Debug|Win32
		{07FC99F5-3936-4B09-9EF6-BDB4F8954BAB}.Release|x64.ActiveCfg = Release|x64
		{07FC99F5-3936-4B09-9EF6-BDB4F8954BAB}.Release|x64.Build.0 = Release|x64
		{07FC99F5-3936-4B09-9EF6-BDB4F8954BAB}.Release|x86.ActiveCfg = Release|Win32
		{07FC99F5-3936-4B09-9EF6-BDB4F8954BAB}.Release|x86.Build.0 = Release|Win32
	EndGlobalSection
	GlobalSection(SolutionProperties) = preSolution
		HideSolutionNode = FALSE
	EndGlobalSection
	GlobalSection(ExtensibilityGlobals) = postSolution
		SolutionGuid = {546E58AE-F360-46C9-A3EF-B130397EC007}
	EndGlobalSection
EndGlobal
