
Microsoft Visual Studio Solution File, Format Version 12.00
# Visual Studio Version 17
VisualStudioVersion = 17.2.32630.192
MinimumVisualStudioVersion = 10.0.40219.1
Project("{8BC9CEB8-8B4A-11D0-8D11-00A0C91BC942}") = "FirstUniqueCharacterInString", "FirstUniqueCharacterInString\FirstUniqueCharacterInString.vcxproj", "{D3A85DB7-4E29-4A8D-BF90-8E92B8485CEC}"
EndProject
Global
	GlobalSection(SolutionConfigurationPlatforms) = preSolution
		Debug|x64 = Debug|x64
		Debug|x86 = Debug|x86
		Release|x64 = Release|x64
		Release|x86 = Release|x86
	EndGlobalSection
	GlobalSection(ProjectConfigurationPlatforms) = postSolution
		{D3A85DB7-4E29-4A8D-BF90-8E92B8485CEC}.Debug|x64.ActiveCfg = Debug|x64
		{D3A85DB7-4E29-4A8D-BF90-8E92B8485CEC}.Debug|x64.Build.0 = Debug|x64
		{D3A85DB7-4E29-4A8D-BF90-8E92B8485CEC}.Debug|x86.ActiveCfg = Debug|Win32
		{D3A85DB7-4E29-4A8D-BF90-8E92B8485CEC}.Debug|x86.Build.0 = Debug|Win32
		{D3A85DB7-4E29-4A8D-BF90-8E92B8485CEC}.Release|x64.ActiveCfg = Release|x64
		{D3A85DB7-4E29-4A8D-BF90-8E92B8485CEC}.Release|x64.Build.0 = Release|x64
		{D3A85DB7-4E29-4A8D-BF90-8E92B8485CEC}.Release|x86.ActiveCfg = Release|Win32
		{D3A85DB7-4E29-4A8D-BF90-8E92B8485CEC}.Release|x86.Build.0 = Release|Win32
	EndGlobalSection
	GlobalSection(SolutionProperties) = preSolution
		HideSolutionNode = FALSE
	EndGlobalSection
	GlobalSection(ExtensibilityGlobals) = postSolution
		SolutionGuid = {72F2F0AB-5DE0-4973-ACBE-3C60D8EAE72B}
	EndGlobalSection
EndGlobal
